
Microsoft Visual Studio Solution File, Format Version 12.00
# Visual Studio Version 17
VisualStudioVersion = 17.7.34009.444
MinimumVisualStudioVersion = 10.0.40219.1
Project("{FAE04EC0-301F-11D3-BF4B-00C04F79EFBC}") = "CS_PARALLEL_TCPSOCKET", "CS_PARALLEL_TCPSOCKET.csproj", "{1EE0086D-7ECC-45F9-99CA-86207E502142}"
EndProject
Global
	GlobalSection(SolutionConfigurationPlatforms) = preSolution
		Debug|Any CPU = Debug|Any CPU
		Release|Any CPU = Release|Any CPU
	EndGlobalSection
	GlobalSection(ProjectConfigurationPlatforms) = postSolution
		{1EE0086D-7ECC-45F9-99CA-86207E502142}.Debug|Any CPU.ActiveCfg = Debug|Any CPU
		{1EE0086D-7ECC-45F9-99CA-86207E502142}.Debug|Any CPU.Build.0 = Debug|Any CPU
		{1EE0086D-7ECC-45F9-99CA-86207E502142}.Release|Any CPU.ActiveCfg = Release|Any CPU
		{1EE0086D-7ECC-45F9-99CA-86207E502142}.Release|Any CPU.Build.0 = Release|Any CPU
	EndGlobalSection
	GlobalSection(SolutionProperties) = preSolution
		HideSolutionNode = FALSE
	EndGlobalSection
	GlobalSection(ExtensibilityGlobals) = postSolution
		SolutionGuid = {7D6B36FD-486A-4A79-84A2-1A633ADB1F0B}
	EndGlobalSection
EndGlobal
